{
  "name": "uiadmin-vue",
  "version": "1.2.0",
  "lockfileVersion": 1,
  "requires": true,
  "dependencies": {
    "@babel/parser": {
      "version": "7.17.8",
      "resolved": "https://registry.npmmirror.com/@babel/parser/-/parser-7.17.8.tgz",
      "integrity": "sha512-BoHhDJrJXqcg+ZL16Xv39H9n+AqJ4pcDrQBGZN+wHxIysrLZ3/ECwCBUch/1zUNhnsXULcONU3Ei5Hmkfk6kiQ=="
    },
    "@codemirror/autocomplete": {
      "version": "0.20.2",
      "resolved": "https://registry.npmmirror.com/@codemirror/autocomplete/-/autocomplete-0.20.2.tgz",
      "integrity": "sha512-UBElAn5HTx9o0XDGyTm5RBJ9gegc16/Lmd9tjphW6nX0NMmnT0Kcd8k6Fn6ok60WyFQinSHPwOHQbdAXuLLjYA==",
      "requires": {
        "@codemirror/language": "^0.20.0",
        "@codemirror/state": "^0.20.0",
        "@codemirror/view": "^0.20.0",
        "@lezer/common": "^0.16.0"
      }
    },
    "@codemirror/basic-setup": {
      "version": "0.20.0",
      "resolved": "https://registry.npmmirror.com/@codemirror/basic-setup/-/basic-setup-0.20.0.tgz",
      "integrity": "sha512-W/ERKMLErWkrVLyP5I8Yh8PXl4r+WFNkdYVSzkXYPQv2RMPSkWpr2BgggiSJ8AHF/q3GuApncDD8I4BZz65fyg==",
      "requires": {
        "@codemirror/autocomplete": "^0.20.0",
        "@codemirror/commands": "^0.20.0",
        "@codemirror/language": "^0.20.0",
        "@codemirror/lint": "^0.20.0",
        "@codemirror/search": "^0.20.0",
        "@codemirror/state": "^0.20.0",
        "@codemirror/view": "^0.20.0"
      }
    },
    "@codemirror/commands": {
      "version": "0.20.0",
      "resolved": "https://registry.npmmirror.com/@codemirror/commands/-/commands-0.20.0.tgz",
      "integrity": "sha512-v9L5NNVA+A9R6zaFvaTbxs30kc69F6BkOoiEbeFw4m4I0exmDEKBILN6mK+GksJtvTzGBxvhAPlVFTdQW8GB7Q==",
      "requires": {
        "@codemirror/language": "^0.20.0",
        "@codemirror/state": "^0.20.0",
        "@codemirror/view": "^0.20.0",
        "@lezer/common": "^0.16.0"
      }
    },
    "@codemirror/lang-css": {
      "version": "0.20.0",
      "resolved": "https://registry.npmmirror.com/@codemirror/lang-css/-/lang-css-0.20.0.tgz",
      "integrity": "sha512-NvYBkDu5Abvzp3bRnU7oHnz3QGeYLYcMIVlEAExtDw6QLbKn8beObuJLQmQB1TqAk7KJcrMvH0xf73DAF9ICHg==",
      "requires": {
        "@codemirror/autocomplete": "^0.20.0",
        "@codemirror/language": "^0.20.0",
        "@codemirror/state": "^0.20.0",
        "@lezer/css": "^0.16.0"
      }
    },
    "@codemirror/lang-html": {
      "version": "0.20.0",
      "resolved": "https://registry.npmmirror.com/@codemirror/lang-html/-/lang-html-0.20.0.tgz",
      "integrity": "sha512-hh/vii8Hw0eoPQy6vacqrrt4FMeLn9cNOG7zPFFOyc+oTl66+FYHgOtWH8b6HysTx0pdTMtpNbBF4tTLMbmP1w==",
      "requires": {
        "@codemirror/autocomplete": "^0.20.0",
        "@codemirror/lang-css": "^0.20.0",
        "@codemirror/lang-javascript": "^0.20.0",
        "@codemirror/language": "^0.20.0",
        "@codemirror/state": "^0.20.0",
        "@lezer/common": "^0.16.0",
        "@lezer/html": "^0.16.0"
      }
    },
    "@codemirror/lang-javascript": {
      "version": "0.20.0",
      "resolved": "https://registry.npmmirror.com/@codemirror/lang-javascript/-/lang-javascript-0.20.0.tgz",
      "integrity": "sha512-Wawq5+o1DlWtsqAyaa9NkiSXNT7geFcfdUael0hIQdM7P23gkQaD+xgZcyQP6QvPxVAdnY4VIWHFzFAqBti+WQ==",
      "requires": {
        "@codemirror/autocomplete": "^0.20.0",
        "@codemirror/language": "^0.20.0",
        "@codemirror/lint": "^0.20.0",
        "@codemirror/state": "^0.20.0",
        "@codemirror/view": "^0.20.0",
        "@lezer/javascript": "^0.16.0"
      }
    },
    "@codemirror/language": {
      "version": "0.20.2",
      "resolved": "https://registry.npmmirror.com/@codemirror/language/-/language-0.20.2.tgz",
      "integrity": "sha512-WB3Bnuusw0xhVvhBocieYKwJm04SOk5bPoOEYksVHKHcGHFOaYaw+eZVxR4gIqMMcGzOIUil0FsCmFk8yrhHpw==",
      "requires": {
        "@codemirror/state": "^0.20.0",
        "@codemirror/view": "^0.20.0",
        "@lezer/common": "^0.16.0",
        "@lezer/highlight": "^0.16.0",
        "@lezer/lr": "^0.16.0",
        "style-mod": "^4.0.0"
      }
    },
    "@codemirror/lint": {
      "version": "0.20.3",
      "resolved": "https://registry.npmmirror.com/@codemirror/lint/-/lint-0.20.3.tgz",
      "integrity": "sha512-06xUScbbspZ8mKoODQCEx6hz1bjaq9m8W8DxdycWARMiiX1wMtfCh/MoHpaL7ws/KUMwlsFFfp2qhm32oaCvVA==",
      "requires": {
        "@codemirror/state": "^0.20.0",
        "@codemirror/view": "^0.20.2",
        "crelt": "^1.0.5"
      }
    },
    "@codemirror/search": {
      "version": "0.20.1",
      "resolved": "https://registry.npmmirror.com/@codemirror/search/-/search-0.20.1.tgz",
      "integrity": "sha512-ROe6gRboQU5E4z6GAkNa2kxhXqsGNbeLEisbvzbOeB7nuDYXUZ70vGIgmqPu0tB+1M3F9yWk6W8k2vrFpJaD4Q==",
      "requires": {
        "@codemirror/state": "^0.20.0",
        "@codemirror/view": "^0.20.0",
        "crelt": "^1.0.5"
      }
    },
    "@codemirror/state": {
      "version": "0.20.0",
      "resolved": "https://registry.npmmirror.com/@codemirror/state/-/state-0.20.0.tgz",
      "integrity": "sha512-R3XrAWCS5Xm9lx+4pDET4EUPEg+8bDfAa5zoOFIhx+VChsfew9Vy33dAjCXS5ES4Q8UecW4WM4UudmUFpZ+86A=="
    },
    "@codemirror/theme-one-dark": {
      "version": "0.20.0",
      "resolved": "https://registry.npmmirror.com/@codemirror/theme-one-dark/-/theme-one-dark-0.20.0.tgz",
      "integrity": "sha512-iqTKaiOZddwlc2rYF+9D60Gfyz9EsSawVejSjyP2FCtOwZ1X0frG5/ByTKH5FBDD2+P7W8+h/OIG4r5dWq4bgA==",
      "requires": {
        "@codemirror/language": "^0.20.0",
        "@codemirror/state": "^0.20.0",
        "@codemirror/view": "^0.20.0",
        "@lezer/highlight": "^0.16.0"
      }
    },
    "@codemirror/view": {
      "version": "0.20.6",
      "resolved": "https://registry.npmmirror.com/@codemirror/view/-/view-0.20.6.tgz",
      "integrity": "sha512-k/Enz4HMcST5Waom2r8y8VtiJfgnU5+Y/pNVO45eIhsRH+0LYtAMgJqqqspWVv1apOuMzmlttw6keaPvkloakg==",
      "requires": {
        "@codemirror/state": "^0.20.0",
        "style-mod": "^4.0.0",
        "w3c-keyname": "^2.2.4"
      }
    },
    "@ctrl/tinycolor": {
      "version": "3.4.1",
      "resolved": "https://registry.npmmirror.com/@ctrl/tinycolor/-/tinycolor-3.4.1.tgz",
      "integrity": "sha512-ej5oVy6lykXsvieQtqZxCOaLT+xD4+QNarq78cIYISHmZXshCvROLudpQN3lfL8G0NL7plMSSK+zlyvCaIJ4Iw=="
    },
    "@element-plus/icons-vue": {
      "version": "1.1.4",
      "resolved": "https://registry.npmmirror.com/@element-plus/icons-vue/-/icons-vue-1.1.4.tgz",
      "integrity": "sha512-Iz/nHqdp1sFPmdzRwHkEQQA3lKvoObk8azgABZ81QUOpW9s/lUyQVUSh0tNtEPZXQlKwlSh7SPgoVxzrE0uuVQ=="
    },
    "@floating-ui/core": {
      "version": "0.7.2",
      "resolved": "https://registry.npmmirror.com/@floating-ui/core/-/core-0.7.2.tgz",
      "integrity": "sha512-FRVAkSNU/vGXLIsgbggcs70GkXKEOXgBBbNpYPNHSaKsCAMMd00NrjbtKTesxkdv9xm9N3+XiDlcFGY6WnatBg=="
    },
    "@floating-ui/dom": {
      "version": "0.5.2",
      "resolved": "https://registry.npmmirror.com/@floating-ui/dom/-/dom-0.5.2.tgz",
      "integrity": "sha512-z1DnEa7F3d8Fm/eXSbii8UEGpcjZGkQaYYUI0WpEVgD3vBfebDW8j/3ysusxonuMexoigA+A3b/fYH7sEqiwyg==",
      "requires": {
        "@floating-ui/core": "^0.7.2"
      }
    },
    "@lezer/common": {
      "version": "0.16.0",
      "resolved": "https://registry.npmmirror.com/@lezer/common/-/common-0.16.0.tgz",
      "integrity": "sha512-H6sPCku+asKWYaNjwfQ1Uvcay9UP1Pdzu4qpy8GtRZ0cKT2AAGnj9MQGiRtY18MDntvhYRJxNGv7FNWOSV/e8A=="
    },
    "@lezer/css": {
      "version": "0.16.0",
      "resolved": "https://registry.npmmirror.com/@lezer/css/-/css-0.16.0.tgz",
      "integrity": "sha512-/YjbaCjgAYb7z/yDOpB/8dXdx1pTyXBsfvsZ6qL1jDg5kIjLUdqKmGGupx+xLTbKEdRC7mMUDPDsQPqXs6JJWQ==",
      "requires": {
        "@lezer/highlight": "^0.16.0",
        "@lezer/lr": "^0.16.0"
      }
    },
    "@lezer/highlight": {
      "version": "0.16.0",
      "resolved": "https://registry.npmmirror.com/@lezer/highlight/-/highlight-0.16.0.tgz",
      "integrity": "sha512-iE5f4flHlJ1g1clOStvXNLbORJoiW4Kytso6ubfYzHnaNo/eo5SKhxs4wv/rtvwZQeZrK3we8S9SyA7OGOoRKQ==",
      "requires": {
        "@lezer/common": "^0.16.0"
      }
    },
    "@lezer/html": {
      "version": "0.16.1",
      "resolved": "https://registry.npmmirror.com/@lezer/html/-/html-0.16.1.tgz",
      "integrity": "sha512-3T7xJhNeETZpX+xzI7rO7Ba8ozhb8+raNVJKxKLZv/ARsMnhH5uhVqV3GQ8wwU4bjCmaF3q22+RWf/08GqF/Uw==",
      "requires": {
        "@lezer/highlight": "^0.16.0",
        "@lezer/lr": "^0.16.0"
      }
    },
    "@lezer/javascript": {
      "version": "0.16.0",
      "resolved": "https://registry.npmmirror.com/@lezer/javascript/-/javascript-0.16.0.tgz",
      "integrity": "sha512-kDcwX3QMFKVd7VJwlYTeTNtcj3/gXQEDa7cQzXXsFMvTGV/RTDq0r8agTpZu0zBc1RUZkVILusd1Cluz3STRqw==",
      "requires": {
        "@lezer/highlight": "^0.16.0",
        "@lezer/lr": "^0.16.0"
      }
    },
    "@lezer/lr": {
      "version": "0.16.3",
      "resolved": "https://registry.npmmirror.com/@lezer/lr/-/lr-0.16.3.tgz",
      "integrity": "sha512-pau7um4eAw94BEuuShUIeQDTf3k4Wt6oIUOYxMmkZgDHdqtIcxWND4LRxi8nI9KuT4I1bXQv67BCapkxt7Ywqw==",
      "requires": {
        "@lezer/common": "^0.16.0"
      }
    },
    "@popperjs/core": {
      "version": "npm:@sxzz/popperjs-es@2.11.7",
      "resolved": "https://registry.npmmirror.com/@sxzz/popperjs-es/-/popperjs-es-2.11.7.tgz",
      "integrity": "sha512-Ccy0NlLkzr0Ex2FKvh2X+OyERHXJ88XJ1MXtsI9y9fGexlaXaVTPzBCRBwIxFkORuOb+uBqeu+RqnpgYTEZRUQ=="
    },
    "@types/lodash": {
      "version": "4.14.182",
      "resolved": "https://registry.npmmirror.com/@types/lodash/-/lodash-4.14.182.tgz",
      "integrity": "sha512-/THyiqyQAP9AfARo4pF+aCGcyiQ94tX/Is2I7HofNRqoYLgN1PBoOWu2/zTA5zMxzP5EFutMtWtGAFRKUe961Q=="
    },
    "@types/lodash-es": {
      "version": "4.17.6",
      "resolved": "https://registry.npmmirror.com/@types/lodash-es/-/lodash-es-4.17.6.tgz",
      "integrity": "sha512-R+zTeVUKDdfoRxpAryaQNRKk3105Rrgx2CFRClIgRGaqDTdjsm8h6IYA8ir584W3ePzkZfst5xIgDwYrlh9HLg==",
      "requires": {
        "@types/lodash": "*"
      }
    },
    "@vitejs/plugin-vue": {
      "version": "2.3.3",
      "resolved": "https://registry.npmmirror.com/@vitejs/plugin-vue/-/plugin-vue-2.3.3.tgz",
      "integrity": "sha512-SmQLDyhz+6lGJhPELsBdzXGc+AcaT8stgkbiTFGpXPe8Tl1tJaBw1A6pxDqDuRsVkD8uscrkx3hA7QDOoKYtyw==",
      "dev": true
    },
    "@volar/code-gen": {
      "version": "0.34.17",
      "resolved": "https://registry.npmmirror.com/@volar/code-gen/-/code-gen-0.34.17.tgz",
      "integrity": "sha512-rHR7BA71BJ/4S7xUOPMPiB7uk6iU9oTWpEMZxFi5VGC9iJmDncE82WzU5iYpcbOBCVHsOjMh0+5CGMgdO6SaPA==",
      "dev": true,
      "requires": {
        "@volar/source-map": "0.34.17"
      }
    },
    "@volar/source-map": {
      "version": "0.34.17",
      "resolved": "https://registry.npmmirror.com/@volar/source-map/-/source-map-0.34.17.tgz",
      "integrity": "sha512-3yn1IMXJGGWB/G817/VFlFMi8oh5pmE7VzUqvgMZMrppaZpKj6/juvJIEiXNxRsgWc0RxIO8OSp4htdPUg1Raw==",
      "dev": true
    },
    "@volar/vue-code-gen": {
      "version": "0.34.17",
      "resolved": "https://registry.npmmirror.com/@volar/vue-code-gen/-/vue-code-gen-0.34.17.tgz",
      "integrity": "sha512-17pzcK29fyFWUc+C82J3JYSnA+jy3QNrIldb9kPaP9Itbik05ZjEIyEue9FjhgIAuHeYSn4LDM5s6nGjxyfhsQ==",
      "dev": true,
      "requires": {
        "@volar/code-gen": "0.34.17",
        "@volar/source-map": "0.34.17",
        "@vue/compiler-core": "^3.2.36",
        "@vue/compiler-dom": "^3.2.36",
        "@vue/shared": "^3.2.36"
      },
      "dependencies": {
        "@vue/compiler-core": {
          "version": "3.2.36",
          "resolved": "https://registry.npmmirror.com/@vue/compiler-core/-/compiler-core-3.2.36.tgz",
          "integrity": "sha512-bbyZM5hvBicv0PW3KUfVi+x3ylHnfKG7DOn5wM+f2OztTzTjLEyBb/5yrarIYpmnGitVGbjZqDbODyW4iK8hqw==",
          "dev": true,
          "requires": {
            "@babel/parser": "^7.16.4",
            "@vue/shared": "3.2.36",
            "estree-walker": "^2.0.2",
            "source-map": "^0.6.1"
          }
        },
        "@vue/compiler-dom": {
          "version": "3.2.36",
          "resolved": "https://registry.npmmirror.com/@vue/compiler-dom/-/compiler-dom-3.2.36.tgz",
          "integrity": "sha512-tcOTAOiW4s24QLnq+ON6J+GRONXJ+A/mqKCORi0LSlIh8XQlNnlm24y8xIL8la+ZDgkdbjarQ9ZqYSvEja6gVA==",
          "dev": true,
          "requires": {
            "@vue/compiler-core": "3.2.36",
            "@vue/shared": "3.2.36"
          }
        },
        "@vue/shared": {
          "version": "3.2.36",
          "resolved": "https://registry.npmmirror.com/@vue/shared/-/shared-3.2.36.tgz",
          "integrity": "sha512-JtB41wXl7Au3+Nl3gD16Cfpj7k/6aCroZ6BbOiCMFCMvrOpkg/qQUXTso2XowaNqBbnkuGHurLAqkLBxNGc1hQ==",
          "dev": true
        }
      }
    },
    "@volar/vue-typescript": {
      "version": "0.34.17",
      "resolved": "https://registry.npmmirror.com/@volar/vue-typescript/-/vue-typescript-0.34.17.tgz",
      "integrity": "sha512-U0YSVIBPRWVPmgJHNa4nrfq88+oS+tmyZNxmnfajIw9A/GOGZQiKXHC0k09SVvbYXlsjgJ6NIjhm9NuAhGRQjg==",
      "dev": true,
      "requires": {
        "@volar/code-gen": "0.34.17",
        "@volar/source-map": "0.34.17",
        "@volar/vue-code-gen": "0.34.17",
        "@vue/compiler-sfc": "^3.2.36",
        "@vue/reactivity": "^3.2.36"
      },
      "dependencies": {
        "@vue/compiler-core": {
          "version": "3.2.36",
          "resolved": "https://registry.npmmirror.com/@vue/compiler-core/-/compiler-core-3.2.36.tgz",
          "integrity": "sha512-bbyZM5hvBicv0PW3KUfVi+x3ylHnfKG7DOn5wM+f2OztTzTjLEyBb/5yrarIYpmnGitVGbjZqDbODyW4iK8hqw==",
          "dev": true,
          "requires": {
            "@babel/parser": "^7.16.4",
            "@vue/shared": "3.2.36",
            "estree-walker": "^2.0.2",
            "source-map": "^0.6.1"
          }
        },
        "@vue/compiler-dom": {
          "version": "3.2.36",
          "resolved": "https://registry.npmmirror.com/@vue/compiler-dom/-/compiler-dom-3.2.36.tgz",
          "integrity": "sha512-tcOTAOiW4s24QLnq+ON6J+GRONXJ+A/mqKCORi0LSlIh8XQlNnlm24y8xIL8la+ZDgkdbjarQ9ZqYSvEja6gVA==",
          "dev": true,
          "requires": {
            "@vue/compiler-core": "3.2.36",
            "@vue/shared": "3.2.36"
          }
        },
        "@vue/compiler-sfc": {
          "version": "3.2.36",
          "resolved": "https://registry.npmmirror.com/@vue/compiler-sfc/-/compiler-sfc-3.2.36.tgz",
          "integrity": "sha512-AvGb4bTj4W8uQ4BqaSxo7UwTEqX5utdRSMyHy58OragWlt8nEACQ9mIeQh3K4di4/SX+41+pJrLIY01lHAOFOA==",
          "dev": true,
          "requires": {
            "@babel/parser": "^7.16.4",
            "@vue/compiler-core": "3.2.36",
            "@vue/compiler-dom": "3.2.36",
            "@vue/compiler-ssr": "3.2.36",
            "@vue/reactivity-transform": "3.2.36",
            "@vue/shared": "3.2.36",
            "estree-walker": "^2.0.2",
            "magic-string": "^0.25.7",
            "postcss": "^8.1.10",
            "source-map": "^0.6.1"
          }
        },
        "@vue/compiler-ssr": {
          "version": "3.2.36",
          "resolved": "https://registry.npmmirror.com/@vue/compiler-ssr/-/compiler-ssr-3.2.36.tgz",
          "integrity": "sha512-+KugInUFRvOxEdLkZwE+W43BqHyhBh0jpYXhmqw1xGq2dmE6J9eZ8UUSOKNhdHtQ/iNLWWeK/wPZkVLUf3YGaw==",
          "dev": true,
          "requires": {
            "@vue/compiler-dom": "3.2.36",
            "@vue/shared": "3.2.36"
          }
        },
        "@vue/reactivity": {
          "version": "3.2.36",
          "resolved": "https://registry.npmmirror.com/@vue/reactivity/-/reactivity-3.2.36.tgz",
          "integrity": "sha512-c2qvopo0crh9A4GXi2/2kfGYMxsJW4tVILrqRPydVGZHhq0fnzy6qmclWOhBFckEhmyxmpHpdJtIRYGeKcuhnA==",
          "dev": true,
          "requires": {
            "@vue/shared": "3.2.36"
          }
        },
        "@vue/reactivity-transform": {
          "version": "3.2.36",
          "resolved": "https://registry.npmmirror.com/@vue/reactivity-transform/-/reactivity-transform-3.2.36.tgz",
          "integrity": "sha512-Jk5o2BhpODC9XTA7o4EL8hSJ4JyrFWErLtClG3NH8wDS7ri9jBDWxI7/549T7JY9uilKsaNM+4pJASLj5dtRwA==",
          "dev": true,
          "requires": {
            "@babel/parser": "^7.16.4",
            "@vue/compiler-core": "3.2.36",
            "@vue/shared": "3.2.36",
            "estree-walker": "^2.0.2",
            "magic-string": "^0.25.7"
          }
        },
        "@vue/shared": {
          "version": "3.2.36",
          "resolved": "https://registry.npmmirror.com/@vue/shared/-/shared-3.2.36.tgz",
          "integrity": "sha512-JtB41wXl7Au3+Nl3gD16Cfpj7k/6aCroZ6BbOiCMFCMvrOpkg/qQUXTso2XowaNqBbnkuGHurLAqkLBxNGc1hQ==",
          "dev": true
        }
      }
    },
    "@vue/compiler-core": {
      "version": "3.2.31",
      "resolved": "https://registry.npmmirror.com/@vue/compiler-core/-/compiler-core-3.2.31.tgz",
      "integrity": "sha512-aKno00qoA4o+V/kR6i/pE+aP+esng5siNAVQ422TkBNM6qA4veXiZbSe8OTXHXquEi/f6Akc+nLfB4JGfe4/WQ==",
      "requires": {
        "@babel/parser": "^7.16.4",
        "@vue/shared": "3.2.31",
        "estree-walker": "^2.0.2",
        "source-map": "^0.6.1"
      }
    },
    "@vue/compiler-dom": {
      "version": "3.2.31",
      "resolved": "https://registry.npmmirror.com/@vue/compiler-dom/-/compiler-dom-3.2.31.tgz",
      "integrity": "sha512-60zIlFfzIDf3u91cqfqy9KhCKIJgPeqxgveH2L+87RcGU/alT6BRrk5JtUso0OibH3O7NXuNOQ0cDc9beT0wrg==",
      "requires": {
        "@vue/compiler-core": "3.2.31",
        "@vue/shared": "3.2.31"
      }
    },
    "@vue/compiler-sfc": {
      "version": "3.2.31",
      "resolved": "https://registry.npmmirror.com/@vue/compiler-sfc/-/compiler-sfc-3.2.31.tgz",
      "integrity": "sha512-748adc9msSPGzXgibHiO6T7RWgfnDcVQD+VVwYgSsyyY8Ans64tALHZANrKtOzvkwznV/F4H7OAod/jIlp/dkQ==",
      "requires": {
        "@babel/parser": "^7.16.4",
        "@vue/compiler-core": "3.2.31",
        "@vue/compiler-dom": "3.2.31",
        "@vue/compiler-ssr": "3.2.31",
        "@vue/reactivity-transform": "3.2.31",
        "@vue/shared": "3.2.31",
        "estree-walker": "^2.0.2",
        "magic-string": "^0.25.7",
        "postcss": "^8.1.10",
        "source-map": "^0.6.1"
      }
    },
    "@vue/compiler-ssr": {
      "version": "3.2.31",
      "resolved": "https://registry.npmmirror.com/@vue/compiler-ssr/-/compiler-ssr-3.2.31.tgz",
      "integrity": "sha512-mjN0rqig+A8TVDnsGPYJM5dpbjlXeHUm2oZHZwGyMYiGT/F4fhJf/cXy8QpjnLQK4Y9Et4GWzHn9PS8AHUnSkw==",
      "requires": {
        "@vue/compiler-dom": "3.2.31",
        "@vue/shared": "3.2.31"
      }
    },
    "@vue/devtools-api": {
      "version": "6.1.4",
      "resolved": "https://registry.npmmirror.com/@vue/devtools-api/-/devtools-api-6.1.4.tgz",
      "integrity": "sha512-IiA0SvDrJEgXvVxjNkHPFfDx6SXw0b/TUkqMcDZWNg9fnCAHbTpoo59YfJ9QLFkwa3raau5vSlRVzMSLDnfdtQ=="
    },
    "@vue/reactivity": {
      "version": "3.2.31",
      "resolved": "https://registry.npmmirror.com/@vue/reactivity/-/reactivity-3.2.31.tgz",
      "integrity": "sha512-HVr0l211gbhpEKYr2hYe7hRsV91uIVGFYNHj73njbARVGHQvIojkImKMaZNDdoDZOIkMsBc9a1sMqR+WZwfSCw==",
      "requires": {
        "@vue/shared": "3.2.31"
      }
    },
    "@vue/reactivity-transform": {
      "version": "3.2.31",
      "resolved": "https://registry.npmmirror.com/@vue/reactivity-transform/-/reactivity-transform-3.2.31.tgz",
      "integrity": "sha512-uS4l4z/W7wXdI+Va5pgVxBJ345wyGFKvpPYtdSgvfJfX/x2Ymm6ophQlXXB6acqGHtXuBqNyyO3zVp9b1r0MOA==",
      "requires": {
        "@babel/parser": "^7.16.4",
        "@vue/compiler-core": "3.2.31",
        "@vue/shared": "3.2.31",
        "estree-walker": "^2.0.2",
        "magic-string": "^0.25.7"
      }
    },
    "@vue/runtime-core": {
      "version": "3.2.31",
      "resolved": "https://registry.npmmirror.com/@vue/runtime-core/-/runtime-core-3.2.31.tgz",
      "integrity": "sha512-Kcog5XmSY7VHFEMuk4+Gap8gUssYMZ2+w+cmGI6OpZWYOEIcbE0TPzzPHi+8XTzAgx1w/ZxDFcXhZeXN5eKWsA==",
      "requires": {
        "@vue/reactivity": "3.2.31",
        "@vue/shared": "3.2.31"
      }
    },
    "@vue/runtime-dom": {
      "version": "3.2.31",
      "resolved": "https://registry.npmmirror.com/@vue/runtime-dom/-/runtime-dom-3.2.31.tgz",
      "integrity": "sha512-N+o0sICVLScUjfLG7u9u5XCjvmsexAiPt17GNnaWHJUfsKed5e85/A3SWgKxzlxx2SW/Hw7RQxzxbXez9PtY3g==",
      "requires": {
        "@vue/runtime-core": "3.2.31",
        "@vue/shared": "3.2.31",
        "csstype": "^2.6.8"
      }
    },
    "@vue/server-renderer": {
      "version": "3.2.31",
      "resolved": "https://registry.npmmirror.com/@vue/server-renderer/-/server-renderer-3.2.31.tgz",
      "integrity": "sha512-8CN3Zj2HyR2LQQBHZ61HexF5NReqngLT3oahyiVRfSSvak+oAvVmu8iNLSu6XR77Ili2AOpnAt1y8ywjjqtmkg==",
      "requires": {
        "@vue/compiler-ssr": "3.2.31",
        "@vue/shared": "3.2.31"
      }
    },
    "@vue/shared": {
      "version": "3.2.31",
      "resolved": "https://registry.npmmirror.com/@vue/shared/-/shared-3.2.31.tgz",
      "integrity": "sha512-ymN2pj6zEjiKJZbrf98UM2pfDd6F2H7ksKw7NDt/ZZ1fh5Ei39X5tABugtT03ZRlWd9imccoK0hE8hpjpU7irQ=="
    },
    "@vueuse/core": {
      "version": "8.5.0",
      "resolved": "https://registry.npmmirror.com/@vueuse/core/-/core-8.5.0.tgz",
      "integrity": "sha512-VEJ6sGNsPlUp0o9BGda2YISvDZbhWJSOJu5zlp2TufRGVrLcYUKr31jyFEOj6RXzG3k/H4aCYeZyjpItfU8glw==",
      "requires": {
        "@vueuse/metadata": "8.5.0",
        "@vueuse/shared": "8.5.0",
        "vue-demi": "*"
      }
    },
    "@vueuse/metadata": {
      "version": "8.5.0",
      "resolved": "https://registry.npmmirror.com/@vueuse/metadata/-/metadata-8.5.0.tgz",
      "integrity": "sha512-WxsD+Cd+bn+HcjpY6Dl9FJ8ywTRTT9pTwk3bCQpzEhXVYAyNczKDSahk50fCfIJKeWHhyI4B2+/ZEOxQAkUr0g=="
    },
    "@vueuse/shared": {
      "version": "8.5.0",
      "resolved": "https://registry.npmmirror.com/@vueuse/shared/-/shared-8.5.0.tgz",
      "integrity": "sha512-qKG+SZb44VvGD4dU5cQ63z4JE2Yk39hQUecR0a9sEdJA01cx+XrxAvFKJfPooxwoiqalAVw/ktWK6xbyc/jS3g==",
      "requires": {
        "vue-demi": "*"
      }
    },
    "async-validator": {
      "version": "4.1.1",
      "resolved": "https://registry.npmmirror.com/async-validator/-/async-validator-4.1.1.tgz",
      "integrity": "sha512-p4DO/JXwjs8klJyJL8Q2oM4ks5fUTze/h5k10oPPKMiLe1fj3G1QMzPHNmN1Py4ycOk7WlO2DcGXv1qiESJCZA=="
    },
    "crelt": {
      "version": "1.0.5",
      "resolved": "https://registry.npmmirror.com/crelt/-/crelt-1.0.5.tgz",
      "integrity": "sha512-+BO9wPPi+DWTDcNYhr/W90myha8ptzftZT+LwcmUbbok0rcP/fequmFYCw8NMoH7pkAZQzU78b3kYrlua5a9eA=="
    },
    "csstype": {
      "version": "2.6.20",
      "resolved": "https://registry.npmmirror.com/csstype/-/csstype-2.6.20.tgz",
      "integrity": "sha512-/WwNkdXfckNgw6S5R125rrW8ez139lBHWouiBvX8dfMFtcn6V81REDqnH7+CRpRipfYlyU1CmOnOxrmGcFOjeA=="
    },
    "dayjs": {
      "version": "1.11.2",
      "resolved": "https://registry.npmmirror.com/dayjs/-/dayjs-1.11.2.tgz",
      "integrity": "sha512-F4LXf1OeU9hrSYRPTTj/6FbO4HTjPKXvEIC1P2kcnFurViINCVk3ZV0xAS3XVx9MkMsXbbqlK6hjseaYbgKEHw=="
    },
    "element-plus": {
      "version": "2.2.2",
      "resolved": "https://registry.npmmirror.com/element-plus/-/element-plus-2.2.2.tgz",
      "integrity": "sha512-yGcj2Ayb0jZO1WbI51tHJ4efhlfWKlBqqGtWbzhq+tcpfaKzJZN+IHRouuFasqn0ZV3tWCDu1jggDR1+9y7XfQ==",
      "requires": {
        "@ctrl/tinycolor": "^3.4.1",
        "@element-plus/icons-vue": "^1.1.4",
        "@floating-ui/dom": "^0.5.0",
        "@popperjs/core": "npm:@sxzz/popperjs-es@^2.11.7",
        "@types/lodash": "^4.14.182",
        "@types/lodash-es": "^4.17.6",
        "@vueuse/core": "^8.5.0",
        "async-validator": "^4.1.1",
        "dayjs": "^1.11.2",
        "escape-html": "^1.0.3",
        "lodash": "^4.17.21",
        "lodash-es": "^4.17.21",
        "lodash-unified": "^1.0.2",
        "memoize-one": "^6.0.0",
        "normalize-wheel-es": "^1.1.2"
      }
    },
    "esbuild": {
      "version": "0.14.41",
      "resolved": "https://registry.npmmirror.com/esbuild/-/esbuild-0.14.41.tgz",
      "integrity": "sha512-uZl2CH5nwayLPi1Unhfk+vBBjD3FDlYQ+v24qAlj2oZMYQP8pFs1k3DK5ViD+keF3JnuV4K7JtqVvBmTDwVEbA==",
      "dev": true,
      "requires": {
        "esbuild-android-64": "0.14.41",
        "esbuild-android-arm64": "0.14.41",
        "esbuild-darwin-64": "0.14.41",
        "esbuild-darwin-arm64": "0.14.41",
        "esbuild-freebsd-64": "0.14.41",
        "esbuild-freebsd-arm64": "0.14.41",
        "esbuild-linux-32": "0.14.41",
        "esbuild-linux-64": "0.14.41",
        "esbuild-linux-arm": "0.14.41",
        "esbuild-linux-arm64": "0.14.41",
        "esbuild-linux-mips64le": "0.14.41",
        "esbuild-linux-ppc64le": "0.14.41",
        "esbuild-linux-riscv64": "0.14.41",
        "esbuild-linux-s390x": "0.14.41",
        "esbuild-netbsd-64": "0.14.41",
        "esbuild-openbsd-64": "0.14.41",
        "esbuild-sunos-64": "0.14.41",
        "esbuild-windows-32": "0.14.41",
        "esbuild-windows-64": "0.14.41",
        "esbuild-windows-arm64": "0.14.41"
      }
    },
    "esbuild-android-64": {
      "version": "0.14.41",
      "resolved": "https://registry.npmmirror.com/esbuild-android-64/-/esbuild-android-64-0.14.41.tgz",
      "integrity": "sha512-byyo8LPOGHzAqxbwh2Q72d7L+rXXTsr/KALjsiCySrJ60CGMe80i3bwoQ+WODxsGaH08R//yg5oc7xHKgQz4uw==",
      "dev": true,
      "optional": true
    },
    "esbuild-android-arm64": {
      "version": "0.14.41",
      "resolved": "https://registry.npmmirror.com/esbuild-android-arm64/-/esbuild-android-arm64-0.14.41.tgz",
      "integrity": "sha512-7koo9Dm/mwK4M8PGQX8JQRc4UQ4Wj7DT1nD4BQkVs2jxtHbYOlnsQH0fneKSXZVmnBIHYcntr/e1VU5gnYLvGQ==",
      "dev": true,
      "optional": true
    },
    "esbuild-darwin-64": {
      "version": "0.14.41",
      "resolved": "https://registry.npmmirror.com/esbuild-darwin-64/-/esbuild-darwin-64-0.14.41.tgz",
      "integrity": "sha512-kW8fC2auh9jjmBXudTmlMfbBCMYMuujhxG40CxMhKiQ8NLBK4RU9yUYY6ss7QJp24kVTtKd4IvfwOio9SE53MA==",
      "dev": true,
      "optional": true
    },
    "esbuild-darwin-arm64": {
      "version": "0.14.41",
      "resolved": "https://registry.npmmirror.com/esbuild-darwin-arm64/-/esbuild-darwin-arm64-0.14.41.tgz",
      "integrity": "sha512-cO0EPkiQt0bERH9sZFIoTywWfGhEpshdpvQpDfLh/ZJLeioQfaarM9YDrmID+f7k77djh0mdyfsC6XpS0HlLsw==",
      "dev": true,
      "optional": true
    },
    "esbuild-freebsd-64": {
      "version": "0.14.41",
      "resolved": "https://registry.npmmirror.com/esbuild-freebsd-64/-/esbuild-freebsd-64-0.14.41.tgz",
      "integrity": "sha512-6tsMDK6b7czCOjsr68BgVogFXcTCWL3T7yFXRFuAmXwY9ybYgX8sybD7ztrRB03dLAPeMxHo+PzeMD6LdVrLdQ==",
      "dev": true,
      "optional": true
    },
    "esbuild-freebsd-arm64": {
      "version": "0.14.41",
      "resolved": "https://registry.npmmirror.com/esbuild-freebsd-arm64/-/esbuild-freebsd-arm64-0.14.41.tgz",
      "integrity": "sha512-AQ2S/VCLKVBe/+HNiFLyp3w9i7AEtCOWEzKHSkfHk0VO5bPzHd7WJfWmj1Bxliu7vdPESbiDUTJIH3rDt4bzSA==",
      "dev": true,
      "optional": true
    },
    "esbuild-linux-32": {
      "version": "0.14.41",
      "resolved": "https://registry.npmmirror.com/esbuild-linux-32/-/esbuild-linux-32-0.14.41.tgz",
      "integrity": "sha512-sb7Kah5Px6BNZ6gzm0nJLuDeAJKbIlaKIoI9zgZ5dFDxZSn91TMAHJz5W39YDJ8+ZaGJYIdqZSpDo+4G769mZw==",
      "dev": true,
      "optional": true
    },
    "esbuild-linux-64": {
      "version": "0.14.41",
      "resolved": "https://registry.npmmirror.com/esbuild-linux-64/-/esbuild-linux-64-0.14.41.tgz",
      "integrity": "sha512-PeI0bfbv+5ondZRhPRszptp3RQRRAPxpOB2CYDphKske5+UlCXPi4Af+T++OqhV5TEpymTfxJdJQ1sn1w32coA==",
      "dev": true,
      "optional": true
    },
    "esbuild-linux-arm": {
      "version": "0.14.41",
      "resolved": "https://registry.npmmirror.com/esbuild-linux-arm/-/esbuild-linux-arm-0.14.41.tgz",
      "integrity": "sha512-8DQ6Sv3XNwgu0cnPA3q+kJSqfOYLDqWzpW8dPF+/Or23bS/5EIT/CzN73uIhR8A3AokXIczn88VKti7Xtv+V2g==",
      "dev": true,
      "optional": true
    },
    "esbuild-linux-arm64": {
      "version": "0.14.41",
      "resolved": "https://registry.npmmirror.com/esbuild-linux-arm64/-/esbuild-linux-arm64-0.14.41.tgz",
      "integrity": "sha512-aAhBX6kVG8hTVuANE90ORobioHdpZLzy8Fibf4XBuG4IuJfjgM5N4wFIq2Tpd+Ykit432PL/YOQhZ4W6nVc4cQ==",
      "dev": true,
      "optional": true
    },
    "esbuild-linux-mips64le": {
      "version": "0.14.41",
      "resolved": "https://registry.npmmirror.com/esbuild-linux-mips64le/-/esbuild-linux-mips64le-0.14.41.tgz",
      "integrity": "sha512-88xo4FRYQ2laMJnrqZu8j5q531XT/odZnhO5NLWO/NdweIdT8F+QL0fNIBIf+nVkC1d0Psgmt+g35GAODMDl8g==",
      "dev": true,
      "optional": true
    },
    "esbuild-linux-ppc64le": {
      "version": "0.14.41",
      "resolved": "https://registry.npmmirror.com/esbuild-linux-ppc64le/-/esbuild-linux-ppc64le-0.14.41.tgz",
      "integrity": "sha512-kJ0r/Cg3LzFzHhbBsvqi/hDPGKMGzFiPGOmUvqTkfVXhRUQtOMkXkyKdP7OEMRb8ctPtnptsZOOXPHRdU0NdJQ==",
      "dev": true,
      "optional": true
    },
    "esbuild-linux-riscv64": {
      "version": "0.14.41",
      "resolved": "https://registry.npmmirror.com/esbuild-linux-riscv64/-/esbuild-linux-riscv64-0.14.41.tgz",
      "integrity": "sha512-ZJ7d/qFRx14J3aP75ccrFSZyuYZ1hu8IVfwVqyQg4jQFgNME2FMz7pZMskBJ0fSW8QcYUnN3RubFXWijyjKUug==",
      "dev": true,
      "optional": true
    },
    "esbuild-linux-s390x": {
      "version": "0.14.41",
      "resolved": "https://registry.npmmirror.com/esbuild-linux-s390x/-/esbuild-linux-s390x-0.14.41.tgz",
      "integrity": "sha512-xeWAEZt1jAfYkYuyIUuHKpH/oj7O862Je5HTH9E+4sEfoOnZaAmFrisbXjGDKXjMRKYscFlM8wXdNBmiqQlT8g==",
      "dev": true,
      "optional": true
    },
    "esbuild-netbsd-64": {
      "version": "0.14.41",
      "resolved": "https://registry.npmmirror.com/esbuild-netbsd-64/-/esbuild-netbsd-64-0.14.41.tgz",
      "integrity": "sha512-X/UE3Asqy594/atYi/STgYtaMQBJwtZKF0KFFdJTkwb6rtaoHCM1o482iHibgnSK7CicuRhyTZ+cNx4OFqRQAg==",
      "dev": true,
      "optional": true
    },
    "esbuild-openbsd-64": {
      "version": "0.14.41",
      "resolved": "https://registry.npmmirror.com/esbuild-openbsd-64/-/esbuild-openbsd-64-0.14.41.tgz",
      "integrity": "sha512-6m+1dtdO+4KaU3R0UTT82hxWxWpFCjgSHhQl/PKtMmq+CvvxRQDcTwujLC843M7ChGVWNM2q1s6YCwoA0WQ9kw==",
      "dev": true,
      "optional": true
    },
    "esbuild-sunos-64": {
      "version": "0.14.41",
      "resolved": "https://registry.npmmirror.com/esbuild-sunos-64/-/esbuild-sunos-64-0.14.41.tgz",
      "integrity": "sha512-p96tTTcE8/WY7A4Udh+fxVUTGL8rIXOpyxyhZiXug+f7DGbjE24PbewqgIBRSDyM7xRUty+1RzqyJz73YIV6yg==",
      "dev": true,
      "optional": true
    },
    "esbuild-windows-32": {
      "version": "0.14.41",
      "resolved": "https://registry.npmmirror.com/esbuild-windows-32/-/esbuild-windows-32-0.14.41.tgz",
      "integrity": "sha512-jS+/pGyPPzrL8tgcvOxLEatV1QPICghKm13EjEVgkeRftl8X6tqRyFv/9eKutczdD3sklMDOJfivoPD32D46Ww==",
      "dev": true,
      "optional": true
    },
    "esbuild-windows-64": {
      "version": "0.14.41",
      "resolved": "https://registry.npmmirror.com/esbuild-windows-64/-/esbuild-windows-64-0.14.41.tgz",
      "integrity": "sha512-vLqmKbV8FJ7LFMrT3zEQpojnUUbXyqhRPVGnAYzc0ESY5yAuom4E9tL7KzZ5H8KEuCUf//AvbyxpE+yOcjpyjA==",
      "dev": true,
      "optional": true
    },
    "esbuild-windows-arm64": {
      "version": "0.14.41",
      "resolved": "https://registry.npmmirror.com/esbuild-windows-arm64/-/esbuild-windows-arm64-0.14.41.tgz",
      "integrity": "sha512-TOvj7kRTfpH4GPPmblvuMNf8oNJ3y2h7a6HttanVnc3QLMm5bNFYLSo6TShLOn0SbqFWGJwHIhGhw2JK96aVhg==",
      "dev": true,
      "optional": true
    },
    "escape-html": {
      "version": "1.0.3",
      "resolved": "https://registry.npmmirror.com/escape-html/-/escape-html-1.0.3.tgz",
      "integrity": "sha512-NiSupZ4OeuGwr68lGIeym/ksIZMJodUGOSCZ/FSnTxcrekbvqrgdUxlJOMpijaKZVjAJrWrGs/6Jy8OMuyj9ow=="
    },
    "estree-walker": {
      "version": "2.0.2",
      "resolved": "https://registry.npmmirror.com/estree-walker/-/estree-walker-2.0.2.tgz",
      "integrity": "sha512-Rfkk/Mp/DL7JVje3u18FxFujQlTNR2q6QfMSMB7AvCBx91NGj/ba3kCfza0f6dVDbw7YlRf/nDrn7pQrCCyQ/w=="
    },
    "fsevents": {
      "version": "2.3.2",
      "resolved": "https://registry.npmmirror.com/fsevents/-/fsevents-2.3.2.tgz",
      "integrity": "sha512-xiqMQR4xAeHTuB9uWm+fFRcIOgKBMiOBP+eXiyT7jsgVCq1bkVygt00oASowB7EdtpOHaaPgKt812P9ab+DDKA==",
      "dev": true,
      "optional": true
    },
    "function-bind": {
      "version": "1.1.1",
      "resolved": "https://registry.npmmirror.com/function-bind/-/function-bind-1.1.1.tgz",
      "integrity": "sha512-yIovAzMX49sF8Yl58fSCWJ5svSLuaibPxXQJFLmBObTuCr0Mf1KiPopGM9NiFjiYBCbfaa2Fh6breQ6ANVTI0A==",
      "dev": true
    },
    "has": {
      "version": "1.0.3",
      "resolved": "https://registry.npmmirror.com/has/-/has-1.0.3.tgz",
      "integrity": "sha512-f2dvO0VU6Oej7RkWJGrehjbzMAjFp5/VKPp5tTpWIV4JHHZK1/BxbFRtf/siA2SWTe09caDmVtYYzWEIbBS4zw==",
      "dev": true,
      "requires": {
        "function-bind": "^1.1.1"
      }
    },
    "inherits": {
      "version": "2.0.3",
      "resolved": "https://registry.npmmirror.com/inherits/-/inherits-2.0.3.tgz",
      "integrity": "sha512-x00IRNXNy63jwGkJmzPigoySHbaqpNuzKbBOmzK+g2OdZpQ9w+sxCN+VSB3ja7IAge2OP2qpfxTjeNcyjmW1uw==",
      "dev": true
    },
    "is-core-module": {
      "version": "2.9.0",
      "resolved": "https://registry.npmmirror.com/is-core-module/-/is-core-module-2.9.0.tgz",
      "integrity": "sha512-+5FPy5PnwmO3lvfMb0AsoPaBG+5KHUI0wYFXOtYPnVVVspTFUuMZNfNaNVRt3FZadstu2c8x23vykRW/NBoU6A==",
      "dev": true,
      "requires": {
        "has": "^1.0.3"
      }
    },
    "lodash": {
      "version": "4.17.21",
      "resolved": "https://registry.npmmirror.com/lodash/-/lodash-4.17.21.tgz",
      "integrity": "sha512-v2kDEe57lecTulaDIuNTPy3Ry4gLGJ6Z1O3vE1krgXZNrsQ+LFTGHVxVjcXPs17LhbZVGedAJv8XZ1tvj5FvSg=="
    },
    "lodash-es": {
      "version": "4.17.21",
      "resolved": "https://registry.npmmirror.com/lodash-es/-/lodash-es-4.17.21.tgz",
      "integrity": "sha512-mKnC+QJ9pWVzv+C4/U3rRsHapFfHvQFoFB92e52xeyGMcX6/OlIl78je1u8vePzYZSkkogMPJ2yjxxsb89cxyw=="
    },
    "lodash-unified": {
      "version": "1.0.2",
      "resolved": "https://registry.npmmirror.com/lodash-unified/-/lodash-unified-1.0.2.tgz",
      "integrity": "sha512-OGbEy+1P+UT26CYi4opY4gebD8cWRDxAT6MAObIVQMiqYdxZr1g3QHWCToVsm31x2NkLS4K3+MC2qInaRMa39g=="
    },
    "magic-string": {
      "version": "0.25.9",
      "resolved": "https://registry.npmmirror.com/magic-string/-/magic-string-0.25.9.tgz",
      "integrity": "sha512-RmF0AsMzgt25qzqqLc1+MbHmhdx0ojF2Fvs4XnOqz2ZOBXzzkEwc/dJQZCYHAn7v1jbVOjAZfK8msRn4BxO4VQ==",
      "requires": {
        "sourcemap-codec": "^1.4.8"
      }
    },
    "memoize-one": {
      "version": "6.0.0",
      "resolved": "https://registry.npmmirror.com/memoize-one/-/memoize-one-6.0.0.tgz",
      "integrity": "sha512-rkpe71W0N0c0Xz6QD0eJETuWAJGnJ9afsl1srmwPrI+yBCkge5EycXXbYRyvL29zZVUWQCY7InPRCv3GDXuZNw=="
    },
    "nanoid": {
      "version": "3.3.2",
      "resolved": "https://registry.npmmirror.com/nanoid/-/nanoid-3.3.2.tgz",
      "integrity": "sha512-CuHBogktKwpm5g2sRgv83jEy2ijFzBwMoYA60orPDR7ynsLijJDqgsi4RDGj3OJpy3Ieb+LYwiRmIOGyytgITA=="
    },
    "normalize-wheel-es": {
      "version": "1.1.2",
      "resolved": "https://registry.npmmirror.com/normalize-wheel-es/-/normalize-wheel-es-1.1.2.tgz",
      "integrity": "sha512-scX83plWJXYH1J4+BhAuIHadROzxX0UBF3+HuZNY2Ks8BciE7tSTQ+5JhTsvzjaO0/EJdm4JBGrfObKxFf3Png=="
    },
    "path": {
      "version": "0.12.7",
      "resolved": "https://registry.npmmirror.com/path/-/path-0.12.7.tgz",
      "integrity": "sha512-aXXC6s+1w7otVF9UletFkFcDsJeO7lSZBPUQhtb5O0xJe8LtYhj/GxldoL09bBj9+ZmE2hNoHqQSFMN5fikh4Q==",
      "dev": true,
      "requires": {
        "process": "^0.11.1",
        "util": "^0.10.3"
      }
    },
    "path-parse": {
      "version": "1.0.7",
      "resolved": "https://registry.npmmirror.com/path-parse/-/path-parse-1.0.7.tgz",
      "integrity": "sha512-LDJzPVEEEPR+y48z93A0Ed0yXb8pAByGWo/k5YYdYgpY2/2EsOsksJrq7lOHxryrVOn1ejG6oAp8ahvOIQD8sw==",
      "dev": true
    },
    "picocolors": {
      "version": "1.0.0",
      "resolved": "https://registry.npmmirror.com/picocolors/-/picocolors-1.0.0.tgz",
      "integrity": "sha512-1fygroTLlHu66zi26VoTDv8yRgm0Fccecssto+MhsZ0D/DGW2sm8E8AjW7NU5VVTRt5GxbeZ5qBuJr+HyLYkjQ=="
    },
    "postcss": {
      "version": "8.4.12",
      "resolved": "https://registry.npmmirror.com/postcss/-/postcss-8.4.12.tgz",
      "integrity": "sha512-lg6eITwYe9v6Hr5CncVbK70SoioNQIq81nsaG86ev5hAidQvmOeETBqs7jm43K2F5/Ley3ytDtriImV6TpNiSg==",
      "requires": {
        "nanoid": "^3.3.1",
        "picocolors": "^1.0.0",
        "source-map-js": "^1.0.2"
      }
    },
    "process": {
      "version": "0.11.10",
      "resolved": "https://registry.npmmirror.com/process/-/process-0.11.10.tgz",
      "integrity": "sha512-cdGef/drWFoydD1JsMzuFf8100nZl+GT+yacc2bEced5f9Rjk4z+WtFUTBu9PhOi9j/jfmBPu0mMEY4wIdAF8A==",
      "dev": true
    },
    "resolve": {
      "version": "1.22.0",
      "resolved": "https://registry.npmmirror.com/resolve/-/resolve-1.22.0.tgz",
      "integrity": "sha512-Hhtrw0nLeSrFQ7phPp4OOcVjLPIeMnRlr5mcnVuMe7M/7eBn98A3hmFRLoFo3DLZkivSYwhRUJTyPyWAk56WLw==",
      "dev": true,
      "requires": {
        "is-core-module": "^2.8.1",
        "path-parse": "^1.0.7",
        "supports-preserve-symlinks-flag": "^1.0.0"
      }
    },
    "rollup": {
      "version": "2.75.1",
      "resolved": "https://registry.npmmirror.com/rollup/-/rollup-2.75.1.tgz",
      "integrity": "sha512-zD73rq3Fanr/spmiybMqmGEvOpryj/heLqOb+lubxiXlo8azeJ/z306T2dJYuzfWZPQBS0OT++GXG6Lbd4ToKw==",
      "dev": true,
      "requires": {
        "fsevents": "~2.3.2"
      }
    },
    "source-map": {
      "version": "0.6.1",
      "resolved": "https://registry.npmmirror.com/source-map/-/source-map-0.6.1.tgz",
      "integrity": "sha512-UjgapumWlbMhkBgzT7Ykc5YXUT46F0iKu8SGXq0bcwP5dz/h0Plj6enJqjz1Zbq2l5WaqYnrVbwWOWMyF3F47g=="
    },
    "source-map-js": {
      "version": "1.0.2",
      "resolved": "https://registry.npmmirror.com/source-map-js/-/source-map-js-1.0.2.tgz",
      "integrity": "sha512-R0XvVJ9WusLiqTCEiGCmICCMplcCkIwwR11mOSD9CR5u+IXYdiseeEuXCVAjS54zqwkLcPNnmU4OeJ6tUrWhDw=="
    },
    "sourcemap-codec": {
      "version": "1.4.8",
      "resolved": "https://registry.npmmirror.com/sourcemap-codec/-/sourcemap-codec-1.4.8.tgz",
      "integrity": "sha512-9NykojV5Uih4lgo5So5dtw+f0JgJX30KCNI8gwhz2J9A15wD0Ml6tjHKwf6fTSa6fAdVBdZeNOs9eJ71qCk8vA=="
    },
    "style-mod": {
      "version": "4.0.0",
      "resolved": "https://registry.npmmirror.com/style-mod/-/style-mod-4.0.0.tgz",
      "integrity": "sha512-OPhtyEjyyN9x3nhPsu76f52yUGXiZcgvsrFVtvTkyGRQJ0XK+GPc6ov1z+lRpbeabka+MYEQxOYRnt5nF30aMw=="
    },
    "supports-preserve-symlinks-flag": {
      "version": "1.0.0",
      "resolved": "https://registry.npmmirror.com/supports-preserve-symlinks-flag/-/supports-preserve-symlinks-flag-1.0.0.tgz",
      "integrity": "sha512-ot0WnXS9fgdkgIcePe6RHNk1WA8+muPa6cSjeR3V8K27q9BB1rTE3R1p7Hv0z1ZyAc8s6Vvv8DIyWf681MAt0w==",
      "dev": true
    },
    "typescript": {
      "version": "4.7.2",
      "resolved": "https://registry.npmmirror.com/typescript/-/typescript-4.7.2.tgz",
      "integrity": "sha512-Mamb1iX2FDUpcTRzltPxgWMKy3fhg0TN378ylbktPGPK/99KbDtMQ4W1hwgsbPAsG3a0xKa1vmw4VKZQbkvz5A==",
      "dev": true
    },
    "util": {
      "version": "0.10.4",
      "resolved": "https://registry.npmmirror.com/util/-/util-0.10.4.tgz",
      "integrity": "sha512-0Pm9hTQ3se5ll1XihRic3FDIku70C+iHUdT/W926rSgHV5QgXsYbKZN8MSC3tJtSkhuROzvsQjAaFENRXr+19A==",
      "dev": true,
      "requires": {
        "inherits": "2.0.3"
      }
    },
    "vite": {
      "version": "2.9.9",
      "resolved": "https://registry.npmmirror.com/vite/-/vite-2.9.9.tgz",
      "integrity": "sha512-ffaam+NgHfbEmfw/Vuh6BHKKlI/XIAhxE5QSS7gFLIngxg171mg1P3a4LSRME0z2ZU1ScxoKzphkipcYwSD5Ew==",
      "dev": true,
      "requires": {
        "esbuild": "^0.14.27",
        "fsevents": "~2.3.2",
        "postcss": "^8.4.13",
        "resolve": "^1.22.0",
        "rollup": "^2.59.0"
      },
      "dependencies": {
        "nanoid": {
          "version": "3.3.4",
          "resolved": "https://registry.npmmirror.com/nanoid/-/nanoid-3.3.4.tgz",
          "integrity": "sha512-MqBkQh/OHTS2egovRtLk45wEyNXwF+cokD+1YPf9u5VfJiRdAiRwB2froX5Co9Rh20xs4siNPm8naNotSD6RBw==",
          "dev": true
        },
        "postcss": {
          "version": "8.4.14",
          "resolved": "https://registry.npmmirror.com/postcss/-/postcss-8.4.14.tgz",
          "integrity": "sha512-E398TUmfAYFPBSdzgeieK2Y1+1cpdxJx8yXbK/m57nRhKSmk1GB2tO4lbLBtlkfPQTDKfe4Xqv1ASWPpayPEig==",
          "dev": true,
          "requires": {
            "nanoid": "^3.3.4",
            "picocolors": "^1.0.0",
            "source-map-js": "^1.0.2"
          }
        }
      }
    },
    "vue": {
      "version": "3.2.31",
      "resolved": "https://registry.npmmirror.com/vue/-/vue-3.2.31.tgz",
      "integrity": "sha512-odT3W2tcffTiQCy57nOT93INw1auq5lYLLYtWpPYQQYQOOdHiqFct9Xhna6GJ+pJQaF67yZABraH47oywkJgFw==",
      "requires": {
        "@vue/compiler-dom": "3.2.31",
        "@vue/compiler-sfc": "3.2.31",
        "@vue/runtime-dom": "3.2.31",
        "@vue/server-renderer": "3.2.31",
        "@vue/shared": "3.2.31"
      }
    },
    "vue-codemirror": {
      "version": "5.0.1",
      "resolved": "https://registry.npmmirror.com/vue-codemirror/-/vue-codemirror-5.0.1.tgz",
      "integrity": "sha512-bSr601Okb4ezQOcGdxR3urlcWpIV4s8hbIJeMuwXlRc1qFDkHlnkcsvAzP0bPK3+TpWBq7ovi3FAjE4tMTbf7A==",
      "requires": {
        "@codemirror/basic-setup": "^0.20.0",
        "@codemirror/commands": "^0.20.0",
        "@codemirror/language": "^0.20.0",
        "@codemirror/state": "^0.20.0",
        "@codemirror/view": "^0.20.0",
        "csstype": "^2.6.8"
      }
    },
    "vue-demi": {
      "version": "0.12.5",
      "resolved": "https://registry.npmmirror.com/vue-demi/-/vue-demi-0.12.5.tgz",
      "integrity": "sha512-BREuTgTYlUr0zw0EZn3hnhC3I6gPWv+Kwh4MCih6QcAeaTlaIX0DwOVN0wHej7hSvDPecz4jygy/idsgKfW58Q=="
    },
    "vue-router": {
      "version": "4.0.15",
      "resolved": "https://registry.npmmirror.com/vue-router/-/vue-router-4.0.15.tgz",
      "integrity": "sha512-xa+pIN9ZqORdIW1MkN2+d9Ui2pCM1b/UMgwYUCZOiFYHAvz/slKKBDha8DLrh5aCG/RibtrpyhKjKOZ85tYyWg==",
      "requires": {
        "@vue/devtools-api": "^6.0.0"
      }
    },
    "vue-tsc": {
      "version": "0.34.17",
      "resolved": "https://registry.npmmirror.com/vue-tsc/-/vue-tsc-0.34.17.tgz",
      "integrity": "sha512-jzUXky44ZLHC4daaJag7FQr3idlPYN719/K1eObGljz5KaS2UnVGTU/XSYCd7d6ampYYg4OsyalbHyJIxV0aEQ==",
      "dev": true,
      "requires": {
        "@volar/vue-typescript": "0.34.17"
      }
    },
    "w3c-keyname": {
      "version": "2.2.4",
      "resolved": "https://registry.npmmirror.com/w3c-keyname/-/w3c-keyname-2.2.4.tgz",
      "integrity": "sha512-tOhfEwEzFLJzf6d1ZPkYfGj+FWhIpBux9ppoP3rlclw3Z0BZv3N7b7030Z1kYth+6rDuAsXUFr+d0VE6Ed1ikw=="
    }
  }
}
